
Microsoft Visual Studio Solution File, Format Version 12.00
# Visual Studio Version 17
VisualStudioVersion = 17.0.31903.59
MinimumVisualStudioVersion = 10.0.40219.1
Project("{FAE04EC0-301F-11D3-BF4B-00C04F79EFBC}") = "DeliveryNotificationsMod", "DeliveryNotificationsMod\DeliveryNotificationsMod.csproj", "{5805C3E6-9CD9-44E0-9665-9687C171785A}"
EndProject
Project("{FAE04EC0-301F-11D3-BF4B-00C04F79EFBC}") = "LaunderMaxMod", "LaunderMaxMod\LaunderMaxMod.csproj", "{B3C4D5E6-F7A8-4B1C-9D2E-3F4A5B6C7D8E}"
EndProject
Project("{FAE04EC0-301F-11D3-BF4B-00C04F79EFBC}") = "LaunderScaleMod", "LaunderScaleMod\LaunderScaleMod.csproj", "{C4D5E6F7-A8B9-4C2D-AE3F-4051627384950}"
EndProject
Project("{FAE04EC0-301F-11D3-BF4B-00C04F79EFBC}") = "DeliveryPersistMod", "DeliveryPersistMod\DeliveryPersistMod.csproj", "{D5E6F7A8-B9C0-4D3E-BF4A-5162738495A6}"
EndProject
Project("{FAE04EC0-301F-11D3-BF4B-00C04F79EFBC}") = "LightPersistMod", "LightPersistMod\LightPersistMod.csproj", "{E6F7A8B9-C0D1-4E4F-C05B-6273849506B7}"
EndProject
Project("{FAE04EC0-301F-11D3-BF4B-00C04F79EFBC}") = "IlluminationMod", "IlluminationMod\IlluminationMod.csproj", "{F7A8B9C0-D1E2-4F50-D16C-7384950617B8}"
EndProject
Project("{FAE04EC0-301F-11D3-BF4B-00C04F79EFBC}") = "SigningFreeMod", "SigningFreeMod\SigningFreeMod.csproj", "{A8B9C0D1-E2F3-4A5B-E27D-8495061728C9}"
EndProject
Project("{FAE04EC0-301F-11D3-BF4B-00C04F79EFBC}") = "DontPunchRayMod", "DontPunchRayMod\DontPunchRayMod.csproj", "{B9C0D1E2-F3A4-4B5C-F38E-9506172839DA}"
EndProject
Project("{FAE04EC0-301F-11D3-BF4B-00C04F79EFBC}") = "PrefsPersistMod", "PrefsPersistMod\PrefsPersistMod.csproj", "{C0D1E2F3-A4B5-4C6D-A49F-0617283940EB}"
EndProject
Global
	GlobalSection(SolutionConfigurationPlatforms) = preSolution
		Debug|Any CPU = Debug|Any CPU
		Debug|x64 = Debug|x64
		Debug|x86 = Debug|x86
		Release|Any CPU = Release|Any CPU
		Release|x64 = Release|x64
		Release|x86 = Release|x86
	EndGlobalSection
	GlobalSection(ProjectConfigurationPlatforms) = postSolution
{5805C3E6-9CD9-44E0-9665-9687C171785A}.Debug|Any CPU.ActiveCfg = Debug|Any CPU
		{5805C3E6-9CD9-44E0-9665-9687C171785A}.Debug|Any CPU.Build.0 = Debug|Any CPU
		{5805C3E6-9CD9-44E0-9665-9687C171785A}.Debug|x64.ActiveCfg = Debug|Any CPU
		{5805C3E6-9CD9-44E0-9665-9687C171785A}.Debug|x64.Build.0 = Debug|Any CPU
		{5805C3E6-9CD9-44E0-9665-9687C171785A}.Debug|x86.ActiveCfg = Debug|Any CPU
		{5805C3E6-9CD9-44E0-9665-9687C171785A}.Debug|x86.Build.0 = Debug|Any CPU
		{5805C3E6-9CD9-44E0-9665-9687C171785A}.Release|Any CPU.ActiveCfg = Release|Any CPU
		{5805C3E6-9CD9-44E0-9665-9687C171785A}.Release|Any CPU.Build.0 = Release|Any CPU
		{5805C3E6-9CD9-44E0-9665-9687C171785A}.Release|x64.ActiveCfg = Release|Any CPU
		{5805C3E6-9CD9-44E0-9665-9687C171785A}.Release|x64.Build.0 = Release|Any CPU
		{5805C3E6-9CD9-44E0-9665-9687C171785A}.Release|x86.ActiveCfg = Release|Any CPU
		{5805C3E6-9CD9-44E0-9665-9687C171785A}.Release|x86.Build.0 = Release|Any CPU
		{B3C4D5E6-F7A8-4B1C-9D2E-3F4A5B6C7D8E}.Debug|Any CPU.ActiveCfg = Debug|Any CPU
		{B3C4D5E6-F7A8-4B1C-9D2E-3F4A5B6C7D8E}.Debug|Any CPU.Build.0 = Debug|Any CPU
		{B3C4D5E6-F7A8-4B1C-9D2E-3F4A5B6C7D8E}.Debug|x64.ActiveCfg = Debug|Any CPU
		{B3C4D5E6-F7A8-4B1C-9D2E-3F4A5B6C7D8E}.Debug|x64.Build.0 = Debug|Any CPU
		{B3C4D5E6-F7A8-4B1C-9D2E-3F4A5B6C7D8E}.Debug|x86.ActiveCfg = Debug|Any CPU
		{B3C4D5E6-F7A8-4B1C-9D2E-3F4A5B6C7D8E}.Debug|x86.Build.0 = Debug|Any CPU
		{B3C4D5E6-F7A8-4B1C-9D2E-3F4A5B6C7D8E}.Release|Any CPU.ActiveCfg = Release|Any CPU
		{B3C4D5E6-F7A8-4B1C-9D2E-3F4A5B6C7D8E}.Release|Any CPU.Build.0 = Release|Any CPU
		{B3C4D5E6-F7A8-4B1C-9D2E-3F4A5B6C7D8E}.Release|x64.ActiveCfg = Release|Any CPU
		{B3C4D5E6-F7A8-4B1C-9D2E-3F4A5B6C7D8E}.Release|x64.Build.0 = Release|Any CPU
		{B3C4D5E6-F7A8-4B1C-9D2E-3F4A5B6C7D8E}.Release|x86.ActiveCfg = Release|Any CPU
		{B3C4D5E6-F7A8-4B1C-9D2E-3F4A5B6C7D8E}.Release|x86.Build.0 = Release|Any CPU
		{C4D5E6F7-A8B9-4C2D-AE3F-4051627384950}.Debug|Any CPU.ActiveCfg = Debug|Any CPU
		{C4D5E6F7-A8B9-4C2D-AE3F-4051627384950}.Debug|Any CPU.Build.0 = Debug|Any CPU
		{C4D5E6F7-A8B9-4C2D-AE3F-4051627384950}.Debug|x64.ActiveCfg = Debug|Any CPU
		{C4D5E6F7-A8B9-4C2D-AE3F-4051627384950}.Debug|x64.Build.0 = Debug|Any CPU
		{C4D5E6F7-A8B9-4C2D-AE3F-4051627384950}.Debug|x86.ActiveCfg = Debug|Any CPU
		{C4D5E6F7-A8B9-4C2D-AE3F-4051627384950}.Debug|x86.Build.0 = Debug|Any CPU
		{C4D5E6F7-A8B9-4C2D-AE3F-4051627384950}.Release|Any CPU.ActiveCfg = Release|Any CPU
		{C4D5E6F7-A8B9-4C2D-AE3F-4051627384950}.Release|Any CPU.Build.0 = Release|Any CPU
		{C4D5E6F7-A8B9-4C2D-AE3F-4051627384950}.Release|x64.ActiveCfg = Release|Any CPU
		{C4D5E6F7-A8B9-4C2D-AE3F-4051627384950}.Release|x64.Build.0 = Release|Any CPU
		{C4D5E6F7-A8B9-4C2D-AE3F-4051627384950}.Release|x86.ActiveCfg = Release|Any CPU
		{C4D5E6F7-A8B9-4C2D-AE3F-4051627384950}.Release|x86.Build.0 = Release|Any CPU
		{D5E6F7A8-B9C0-4D3E-BF4A-5162738495A6}.Debug|Any CPU.ActiveCfg = Debug|Any CPU
		{D5E6F7A8-B9C0-4D3E-BF4A-5162738495A6}.Debug|Any CPU.Build.0 = Debug|Any CPU
		{D5E6F7A8-B9C0-4D3E-BF4A-5162738495A6}.Debug|x64.ActiveCfg = Debug|Any CPU
		{D5E6F7A8-B9C0-4D3E-BF4A-5162738495A6}.Debug|x64.Build.0 = Debug|Any CPU
		{D5E6F7A8-B9C0-4D3E-BF4A-5162738495A6}.Debug|x86.ActiveCfg = Debug|Any CPU
		{D5E6F7A8-B9C0-4D3E-BF4A-5162738495A6}.Debug|x86.Build.0 = Debug|Any CPU
		{D5E6F7A8-B9C0-4D3E-BF4A-5162738495A6}.Release|Any CPU.ActiveCfg = Release|Any CPU
		{D5E6F7A8-B9C0-4D3E-BF4A-5162738495A6}.Release|Any CPU.Build.0 = Release|Any CPU
		{D5E6F7A8-B9C0-4D3E-BF4A-5162738495A6}.Release|x64.ActiveCfg = Release|Any CPU
		{D5E6F7A8-B9C0-4D3E-BF4A-5162738495A6}.Release|x64.Build.0 = Release|Any CPU
		{D5E6F7A8-B9C0-4D3E-BF4A-5162738495A6}.Release|x86.ActiveCfg = Release|Any CPU
		{D5E6F7A8-B9C0-4D3E-BF4A-5162738495A6}.Release|x86.Build.0 = Release|Any CPU
		{E6F7A8B9-C0D1-4E4F-C05B-6273849506B7}.Debug|Any CPU.ActiveCfg = Debug|Any CPU
		{E6F7A8B9-C0D1-4E4F-C05B-6273849506B7}.Debug|Any CPU.Build.0 = Debug|Any CPU
		{E6F7A8B9-C0D1-4E4F-C05B-6273849506B7}.Debug|x64.ActiveCfg = Debug|Any CPU
		{E6F7A8B9-C0D1-4E4F-C05B-6273849506B7}.Debug|x64.Build.0 = Debug|Any CPU
		{E6F7A8B9-C0D1-4E4F-C05B-6273849506B7}.Debug|x86.ActiveCfg = Debug|Any CPU
		{E6F7A8B9-C0D1-4E4F-C05B-6273849506B7}.Debug|x86.Build.0 = Debug|Any CPU
		{E6F7A8B9-C0D1-4E4F-C05B-6273849506B7}.Release|Any CPU.ActiveCfg = Release|Any CPU
		{E6F7A8B9-C0D1-4E4F-C05B-6273849506B7}.Release|Any CPU.Build.0 = Release|Any CPU
		{E6F7A8B9-C0D1-4E4F-C05B-6273849506B7}.Release|x64.ActiveCfg = Release|Any CPU
		{E6F7A8B9-C0D1-4E4F-C05B-6273849506B7}.Release|x64.Build.0 = Release|Any CPU
		{E6F7A8B9-C0D1-4E4F-C05B-6273849506B7}.Release|x86.ActiveCfg = Release|Any CPU
		{E6F7A8B9-C0D1-4E4F-C05B-6273849506B7}.Release|x86.Build.0 = Release|Any CPU
		{F7A8B9C0-D1E2-4F50-D16C-7384950617B8}.Debug|Any CPU.ActiveCfg = Debug|Any CPU
		{F7A8B9C0-D1E2-4F50-D16C-7384950617B8}.Debug|Any CPU.Build.0 = Debug|Any CPU
		{F7A8B9C0-D1E2-4F50-D16C-7384950617B8}.Debug|x64.ActiveCfg = Debug|Any CPU
		{F7A8B9C0-D1E2-4F50-D16C-7384950617B8}.Debug|x64.Build.0 = Debug|Any CPU
		{F7A8B9C0-D1E2-4F50-D16C-7384950617B8}.Debug|x86.ActiveCfg = Debug|Any CPU
		{F7A8B9C0-D1E2-4F50-D16C-7384950617B8}.Debug|x86.Build.0 = Debug|Any CPU
		{F7A8B9C0-D1E2-4F50-D16C-7384950617B8}.Release|Any CPU.ActiveCfg = Release|Any CPU
		{F7A8B9C0-D1E2-4F50-D16C-7384950617B8}.Release|Any CPU.Build.0 = Release|Any CPU
		{F7A8B9C0-D1E2-4F50-D16C-7384950617B8}.Release|x64.ActiveCfg = Release|Any CPU
		{F7A8B9C0-D1E2-4F50-D16C-7384950617B8}.Release|x64.Build.0 = Release|Any CPU
		{F7A8B9C0-D1E2-4F50-D16C-7384950617B8}.Release|x86.ActiveCfg = Release|Any CPU
		{F7A8B9C0-D1E2-4F50-D16C-7384950617B8}.Release|x86.Build.0 = Release|Any CPU
		{A8B9C0D1-E2F3-4A5B-E27D-8495061728C9}.Debug|Any CPU.ActiveCfg = Debug|Any CPU
		{A8B9C0D1-E2F3-4A5B-E27D-8495061728C9}.Debug|Any CPU.Build.0 = Debug|Any CPU
		{A8B9C0D1-E2F3-4A5B-E27D-8495061728C9}.Debug|x64.ActiveCfg = Debug|Any CPU
		{A8B9C0D1-E2F3-4A5B-E27D-8495061728C9}.Debug|x64.Build.0 = Debug|Any CPU
		{A8B9C0D1-E2F3-4A5B-E27D-8495061728C9}.Debug|x86.ActiveCfg = Debug|Any CPU
		{A8B9C0D1-E2F3-4A5B-E27D-8495061728C9}.Debug|x86.Build.0 = Debug|Any CPU
		{A8B9C0D1-E2F3-4A5B-E27D-8495061728C9}.Release|Any CPU.ActiveCfg = Release|Any CPU
		{A8B9C0D1-E2F3-4A5B-E27D-8495061728C9}.Release|Any CPU.Build.0 = Release|Any CPU
		{A8B9C0D1-E2F3-4A5B-E27D-8495061728C9}.Release|x64.ActiveCfg = Release|Any CPU
		{A8B9C0D1-E2F3-4A5B-E27D-8495061728C9}.Release|x64.Build.0 = Release|Any CPU
		{A8B9C0D1-E2F3-4A5B-E27D-8495061728C9}.Release|x86.ActiveCfg = Release|Any CPU
		{A8B9C0D1-E2F3-4A5B-E27D-8495061728C9}.Release|x86.Build.0 = Release|Any CPU
		{B9C0D1E2-F3A4-4B5C-F38E-9506172839DA}.Debug|Any CPU.ActiveCfg = Debug|Any CPU
		{B9C0D1E2-F3A4-4B5C-F38E-9506172839DA}.Debug|Any CPU.Build.0 = Debug|Any CPU
		{B9C0D1E2-F3A4-4B5C-F38E-9506172839DA}.Debug|x64.ActiveCfg = Debug|Any CPU
		{B9C0D1E2-F3A4-4B5C-F38E-9506172839DA}.Debug|x64.Build.0 = Debug|Any CPU
		{B9C0D1E2-F3A4-4B5C-F38E-9506172839DA}.Debug|x86.ActiveCfg = Debug|Any CPU
		{B9C0D1E2-F3A4-4B5C-F38E-9506172839DA}.Debug|x86.Build.0 = Debug|Any CPU
		{B9C0D1E2-F3A4-4B5C-F38E-9506172839DA}.Release|Any CPU.ActiveCfg = Release|Any CPU
		{B9C0D1E2-F3A4-4B5C-F38E-9506172839DA}.Release|Any CPU.Build.0 = Release|Any CPU
		{B9C0D1E2-F3A4-4B5C-F38E-9506172839DA}.Release|x64.ActiveCfg = Release|Any CPU
		{B9C0D1E2-F3A4-4B5C-F38E-9506172839DA}.Release|x64.Build.0 = Release|Any CPU
		{B9C0D1E2-F3A4-4B5C-F38E-9506172839DA}.Release|x86.ActiveCfg = Release|Any CPU
		{B9C0D1E2-F3A4-4B5C-F38E-9506172839DA}.Release|x86.Build.0 = Release|Any CPU
		{C0D1E2F3-A4B5-4C6D-A49F-0617283940EB}.Debug|Any CPU.ActiveCfg = Debug|Any CPU
		{C0D1E2F3-A4B5-4C6D-A49F-0617283940EB}.Debug|Any CPU.Build.0 = Debug|Any CPU
		{C0D1E2F3-A4B5-4C6D-A49F-0617283940EB}.Debug|x64.ActiveCfg = Debug|Any CPU
		{C0D1E2F3-A4B5-4C6D-A49F-0617283940EB}.Debug|x64.Build.0 = Debug|Any CPU
		{C0D1E2F3-A4B5-4C6D-A49F-0617283940EB}.Debug|x86.ActiveCfg = Debug|Any CPU
		{C0D1E2F3-A4B5-4C6D-A49F-0617283940EB}.Debug|x86.Build.0 = Debug|Any CPU
		{C0D1E2F3-A4B5-4C6D-A49F-0617283940EB}.Release|Any CPU.ActiveCfg = Release|Any CPU
		{C0D1E2F3-A4B5-4C6D-A49F-0617283940EB}.Release|Any CPU.Build.0 = Release|Any CPU
		{C0D1E2F3-A4B5-4C6D-A49F-0617283940EB}.Release|x64.ActiveCfg = Release|Any CPU
		{C0D1E2F3-A4B5-4C6D-A49F-0617283940EB}.Release|x64.Build.0 = Release|Any CPU
		{C0D1E2F3-A4B5-4C6D-A49F-0617283940EB}.Release|x86.ActiveCfg = Release|Any CPU
		{C0D1E2F3-A4B5-4C6D-A49F-0617283940EB}.Release|x86.Build.0 = Release|Any CPU
	EndGlobalSection
	GlobalSection(SolutionProperties) = preSolution
		HideSolutionNode = FALSE
	EndGlobalSection
EndGlobal
